
Microsoft Visual Studio Solution File, Format Version 12.00
# Visual Studio Version 17
VisualStudioVersion = 17.0.32112.339
MinimumVisualStudioVersion = 10.0.40219.1
Project("{FAE04EC0-301F-11D3-BF4B-00C04F79EFBC}") = "firstwpf", "firstwpf\firstwpf.csproj", "{E926A3BA-C50A-4243-85C7-C0AF04CD3200}"
EndProject
Global
	GlobalSection(SolutionConfigurationPlatforms) = preSolution
		Debug|Any CPU = Debug|Any CPU
		Release|Any CPU = Release|Any CPU
	EndGlobalSection
	GlobalSection(ProjectConfigurationPlatforms) = postSolution
		{E926A3BA-C50A-4243-85C7-C0AF04CD3200}.Debug|Any CPU.ActiveCfg = Debug|Any CPU
		{E926A3BA-C50A-4243-85C7-C0AF04CD3200}.Debug|Any CPU.Build.0 = Debug|Any CPU
		{E926A3BA-C50A-4243-85C7-C0AF04CD3200}.Release|Any CPU.ActiveCfg = Release|Any CPU
		{E926A3BA-C50A-4243-85C7-C0AF04CD3200}.Release|Any CPU.Build.0 = Release|Any CPU
	EndGlobalSection
	GlobalSection(SolutionProperties) = preSolution
		HideSolutionNode = FALSE
	EndGlobalSection
	GlobalSection(ExtensibilityGlobals) = postSolution
		SolutionGuid = {082D5FB1-D9E2-4629-9D5F-E5D284007BFC}
	EndGlobalSection
EndGlobal
